
Microsoft Visual Studio Solution File, Format Version 12.00
# Visual Studio Version 17
VisualStudioVersion = 17.7.34031.279
MinimumVisualStudioVersion = 10.0.40219.1
Project("{9A19103F-16F7-4668-BE54-9A1E7A4F7556}") = "Client", "Client\Client.csproj", "{94737B48-AA45-438A-A28A-8E4DF64DF719}"
EndProject
Project("{9A19103F-16F7-4668-BE54-9A1E7A4F7556}") = "Core", "Core\Core.csproj", "{029230EC-A2AE-4C4A-A74C-97524F9BC2BE}"
EndProject
Project("{9A19103F-16F7-4668-BE54-9A1E7A4F7556}") = "Server", "Server\Server.csproj", "{8EA22355-CCEF-47EC-9AD6-091B135B6619}"
EndProject
Project("{9A19103F-16F7-4668-BE54-9A1E7A4F7556}") = "EnterPoint", "EnterPoint\EnterPoint.csproj", "{16B9F659-0F05-444B-8DCE-44D6E5555D4F}"
EndProject
Project("{FAE04EC0-301F-11D3-BF4B-00C04F79EFBC}") = "ConfigurationManager", "ConfigurationManager\ConfigurationManager.csproj", "{31E9A3FC-532D-4309-B158-45884DECD700}"
EndProject
Global
	GlobalSection(SolutionConfigurationPlatforms) = preSolution
		Debug|Any CPU = Debug|Any CPU
		Release|Any CPU = Release|Any CPU
	EndGlobalSection
	GlobalSection(ProjectConfigurationPlatforms) = postSolution
		{94737B48-AA45-438A-A28A-8E4DF64DF719}.Debug|Any CPU.ActiveCfg = Debug|Any CPU
		{94737B48-AA45-438A-A28A-8E4DF64DF719}.Debug|Any CPU.Build.0 = Debug|Any CPU
		{94737B48-AA45-438A-A28A-8E4DF64DF719}.Release|Any CPU.ActiveCfg = Release|Any CPU
		{94737B48-AA45-438A-A28A-8E4DF64DF719}.Release|Any CPU.Build.0 = Release|Any CPU
		{029230EC-A2AE-4C4A-A74C-97524F9BC2BE}.Debug|Any CPU.ActiveCfg = Debug|Any CPU
		{029230EC-A2AE-4C4A-A74C-97524F9BC2BE}.Debug|Any CPU.Build.0 = Debug|Any CPU
		{029230EC-A2AE-4C4A-A74C-97524F9BC2BE}.Release|Any CPU.ActiveCfg = Release|Any CPU
		{029230EC-A2AE-4C4A-A74C-97524F9BC2BE}.Release|Any CPU.Build.0 = Release|Any CPU
		{8EA22355-CCEF-47EC-9AD6-091B135B6619}.Debug|Any CPU.ActiveCfg = Debug|Any CPU
		{8EA22355-CCEF-47EC-9AD6-091B135B6619}.Debug|Any CPU.Build.0 = Debug|Any CPU
		{8EA22355-CCEF-47EC-9AD6-091B135B6619}.Release|Any CPU.ActiveCfg = Release|Any CPU
		{8EA22355-CCEF-47EC-9AD6-091B135B6619}.Release|Any CPU.Build.0 = Release|Any CPU
		{16B9F659-0F05-444B-8DCE-44D6E5555D4F}.Debug|Any CPU.ActiveCfg = Debug|Any CPU
		{16B9F659-0F05-444B-8DCE-44D6E5555D4F}.Debug|Any CPU.Build.0 = Debug|Any CPU
		{16B9F659-0F05-444B-8DCE-44D6E5555D4F}.Release|Any CPU.ActiveCfg = Release|Any CPU
		{16B9F659-0F05-444B-8DCE-44D6E5555D4F}.Release|Any CPU.Build.0 = Release|Any CPU
		{31E9A3FC-532D-4309-B158-45884DECD700}.Debug|Any CPU.ActiveCfg = Debug|Any CPU
		{31E9A3FC-532D-4309-B158-45884DECD700}.Debug|Any CPU.Build.0 = Debug|Any CPU
		{31E9A3FC-532D-4309-B158-45884DECD700}.Release|Any CPU.ActiveCfg = Release|Any CPU
		{31E9A3FC-532D-4309-B158-45884DECD700}.Release|Any CPU.Build.0 = Release|Any CPU
	EndGlobalSection
	GlobalSection(SolutionProperties) = preSolution
		HideSolutionNode = FALSE
	EndGlobalSection
	GlobalSection(ExtensibilityGlobals) = postSolution
		SolutionGuid = {84278D1A-2C64-4C41-8659-B81D4345EBE6}
	EndGlobalSection
EndGlobal
